lockfileVersion: '9.0'

settings:
  autoInstallPeers: true
  excludeLinksFromLockfile: false

importers:
  .:
    devDependencies:
      '@hyperupcall/prettier-config':
        specifier: ^0.7.0
        version: 0.7.0
      prettier:
        specifier: ^3.3.3
        version: 3.3.3
      prettier-plugin-pkg:
        specifier: ^0.18.1
        version: 0.18.1(prettier@3.3.3)

packages:
  '@hyperupcall/prettier-config@0.7.0':
    resolution:
      {
        integrity: sha512-k5Ess4PGr1+GdTyJEKOqk2ToUEYvvW076Ini6boRDxq5L9f2fnHAiFjCSo1cQ86LGBZBA7IKI1FubTbGB7fhJw==,
      }

  prettier-plugin-pkg@0.18.1:
    resolution:
      {
        integrity: sha512-FuUxvsYZR/8rsLH8s/jbPQmgYvv0yxW8LoIHCy6+Q7p4FBjjdP3DNKx8fMTOsc0SlEB1skB4o1LcahRceIh87A==,
      }
    engines: { node: ^14.18.0 || >=16.0.0 }
    peerDependencies:
      prettier: ^3.0.3

  prettier@3.3.3:
    resolution:
      {
        integrity: sha512-i2tDNA0O5IrMO757lfrdQZCc2jPNDVntV0m/+4whiDfWaTKfMNgR7Qz0NAeGz/nRqF4m5/6CLzbP4/liHt12Ew==,
      }
    engines: { node: '>=14' }
    hasBin: true

snapshots:
  '@hyperupcall/prettier-config@0.7.0': {}

  prettier-plugin-pkg@0.18.1(prettier@3.3.3):
    dependencies:
      prettier: 3.3.3

  prettier@3.3.3: {}
